
Microsoft Visual Studio Solution File, Format Version 12.00
# Visual Studio Version 17
VisualStudioVersion = 17.0.32112.339
MinimumVisualStudioVersion = 10.0.40219.1
Project("{9A19103F-16F7-4668-BE54-9A1E7A4F7556}") = "VBLauncher", "VBLauncher\VBLauncher.csproj", "{F6283BE3-D708-0BC8-3EE1-A2CDEDC784B9}"
	ProjectSection(ProjectDependencies) = postProject
		{9772BADD-0709-4CDA-9D25-5E0F6245CE81} = {9772BADD-0709-4CDA-9D25-5E0F6245CE81}
	EndProjectSection
EndProject
Project("{8BC9CEB8-8B4A-11D0-8D11-00A0C91BC942}") = "VBExtender", "VBExtender\VBExtender.vcxproj", "{9772BADD-0709-4CDA-9D25-5E0F6245CE81}"
EndProject
Project("{9A19103F-16F7-4668-BE54-9A1E7A4F7556}") = "AltUI", "AltUI\AltUI\AltUI.csproj", "{2E46CD86-5C52-40F8-981E-400EF6AA744B}"
EndProject
Global
	GlobalSection(SolutionConfigurationPlatforms) = preSolution
		Debug|x64 = Debug|x64
		Release|x64 = Release|x64
	EndGlobalSection
	GlobalSection(ProjectConfigurationPlatforms) = postSolution
		{F6283BE3-D708-0BC8-3EE1-A2CDEDC784B9}.Debug|x64.ActiveCfg = Debug|x64
		{F6283BE3-D708-0BC8-3EE1-A2CDEDC784B9}.Debug|x64.Build.0 = Debug|x64
		{F6283BE3-D708-0BC8-3EE1-A2CDEDC784B9}.Release|x64.ActiveCfg = Release|x64
		{F6283BE3-D708-0BC8-3EE1-A2CDEDC784B9}.Release|x64.Build.0 = Release|x64
		{9772BADD-0709-4CDA-9D25-5E0F6245CE81}.Release|x64.ActiveCfg = Release|Win32
		{9772BADD-0709-4CDA-9D25-5E0F6245CE81}.Release|x64.Build.0 = Release|Win32
		{9772BADD-0709-4CDA-9D25-5E0F6245CE81}.Debug|x64.ActiveCfg = Debug|Win32
		{9772BADD-0709-4CDA-9D25-5E0F6245CE81}.Debug|x64.Build.0 = Debug|Win32
		{2E46CD86-5C52-40F8-981E-400EF6AA744B}.Debug|x64.ActiveCfg = Debug|x64
		{2E46CD86-5C52-40F8-981E-400EF6AA744B}.Debug|x64.Build.0 = Debug|x64
		{2E46CD86-5C52-40F8-981E-400EF6AA744B}.Release|x64.ActiveCfg = Release|x64
		{2E46CD86-5C52-40F8-981E-400EF6AA744B}.Release|x64.Build.0 = Release|x64
	EndGlobalSection
	GlobalSection(SolutionProperties) = preSolution
		HideSolutionNode = FALSE
	EndGlobalSection
	GlobalSection(ExtensibilityGlobals) = postSolution
		SolutionGuid = {02363937-471A-4439-A892-8CA903B7FD34}
	EndGlobalSection
EndGlobal
