<?xml version="1.0" encoding="utf-8"?>
<Project ToolsVersion="4.0" xmlns="http://schemas.microsoft.com/developer/msbuild/2003">
  <ItemGroup>
    <Filter Include="Source Files">
      <UniqueIdentifier>{4FC737F1-C7A5-4376-A066-2A32D752A2FF}</UniqueIdentifier>
      <Extensions>cpp;c;cc;cxx;c++;cppm;ixx;def;odl;idl;hpj;bat;asm;asmx</Extensions>
    </Filter>
    <Filter Include="Source Files\Header Files">
      <UniqueIdentifier>{93995380-89BD-4b04-88EB-625FBE52EBFB}</UniqueIdentifier>
      <Extensions>h;hh;hpp;hxx;h++;hm;inl;inc;ipp;xsd</Extensions>
    </Filter>
    <Filter Include="Dependencies">
      <UniqueIdentifier>{f39883eb-d513-4298-8586-24473a21b5eb}</UniqueIdentifier>
    </Filter>
    <Filter Include="Dependencies\DiscordRPC">
      <UniqueIdentifier>{c0b3d410-0f44-42da-a612-c588153d4595}</UniqueIdentifier>
    </Filter>
    <Filter Include="Dependencies\ImGui">
      <UniqueIdentifier>{6e55e371-53be-41f2-a580-4eae96b21f1f}</UniqueIdentifier>
    </Filter>
    <Filter Include="Dependencies\MemoryModule">
      <UniqueIdentifier>{fe945735-473e-46a1-9cfd-c66c302be393}</UniqueIdentifier>
    </Filter>
    <Filter Include="Dependencies\Detours">
      <UniqueIdentifier>{3ff681b7-3f55-46f5-8fce-b80379417865}</UniqueIdentifier>
    </Filter>
  </ItemGroup>
  <ItemGroup>
    <ClCompile Include="main.cpp">
      <Filter>Source Files</Filter>
    </ClCompile>
    <ClCompile Include="DiscordRPC\src\connection_win.cpp">
      <Filter>Dependencies\DiscordRPC</Filter>
    </ClCompile>
    <ClCompile Include="DiscordRPC\src\discord_register_win.cpp">
      <Filter>Dependencies\DiscordRPC</Filter>
    </ClCompile>
    <ClCompile Include="DiscordRPC\src\discord_rpc.cpp">
      <Filter>Dependencies\DiscordRPC</Filter>
    </ClCompile>
    <ClCompile Include="DiscordRPC\src\rpc_connection.cpp">
      <Filter>Dependencies\DiscordRPC</Filter>
    </ClCompile>
    <ClCompile Include="DiscordRPC\src\serialization.cpp">
      <Filter>Dependencies\DiscordRPC</Filter>
    </ClCompile>
    <ClCompile Include="MemoryModule\MemoryModule.c">
      <Filter>Dependencies\MemoryModule</Filter>
    </ClCompile>
    <ClCompile Include="ImGui\imgui.cpp">
      <Filter>Dependencies\ImGui</Filter>
    </ClCompile>
    <ClCompile Include="ImGui\imgui_demo.cpp">
      <Filter>Dependencies\ImGui</Filter>
    </ClCompile>
    <ClCompile Include="ImGui\imgui_draw.cpp">
      <Filter>Dependencies\ImGui</Filter>
    </ClCompile>
    <ClCompile Include="ImGui\imgui_tables.cpp">
      <Filter>Dependencies\ImGui</Filter>
    </ClCompile>
    <ClCompile Include="ImGui\imgui_widgets.cpp">
      <Filter>Dependencies\ImGui</Filter>
    </ClCompile>
    <ClCompile Include="ImGui\backends\imgui_impl_dx11.cpp">
      <Filter>Dependencies\ImGui</Filter>
    </ClCompile>
    <ClCompile Include="ImGui\backends\imgui_impl_win32.cpp">
      <Filter>Dependencies\ImGui</Filter>
    </ClCompile>
    <ClCompile Include="Detours\src\creatwth.cpp">
      <Filter>Dependencies\Detours</Filter>
    </ClCompile>
    <ClCompile Include="Detours\src\detours.cpp">
      <Filter>Dependencies\Detours</Filter>
    </ClCompile>
    <ClCompile Include="Detours\src\disasm.cpp">
      <Filter>Dependencies\Detours</Filter>
    </ClCompile>
    <ClCompile Include="Detours\src\disolx86.cpp">
      <Filter>Dependencies\Detours</Filter>
    </ClCompile>
    <ClCompile Include="Detours\src\image.cpp">
      <Filter>Dependencies\Detours</Filter>
    </ClCompile>
    <ClCompile Include="Detours\src\modules.cpp">
      <Filter>Dependencies\Detours</Filter>
    </ClCompile>
  </ItemGroup>
  <ItemGroup>
    <ClInclude Include="defs.h">
      <Filter>Source Files\Header Files</Filter>
    </ClInclude>
    <ClInclude Include="memory.h">
      <Filter>Source Files\Header Files</Filter>
    </ClInclude>
    <ClInclude Include="includes.h">
      <Filter>Source Files\Header Files</Filter>
    </ClInclude>
    <ClInclude Include="functions.h">
      <Filter>Source Files\Header Files</Filter>
    </ClInclude>
    <ClInclude Include="hooks.h">
      <Filter>Source Files\Header Files</Filter>
    </ClInclude>
    <ClInclude Include="proxy.h">
      <Filter>Source Files\Header Files</Filter>
    </ClInclude>
    <ClInclude Include="byte_arrays.h">
      <Filter>Source Files\Header Files</Filter>
    </ClInclude>
    <ClInclude Include="globals.h">
      <Filter>Source Files\Header Files</Filter>
    </ClInclude>
    <ClInclude Include="speed.h">
      <Filter>Source Files\Header Files</Filter>
    </ClInclude>
    <ClInclude Include="imguimenu.h">
      <Filter>Source Files\Header Files</Filter>
    </ClInclude>
    <ClInclude Include="imguiextensions.h">
      <Filter>Source Files\Header Files</Filter>
    </ClInclude>
    <ClInclude Include="DiscordRPC\discord_register.h">
      <Filter>Dependencies\DiscordRPC</Filter>
    </ClInclude>
    <ClInclude Include="DiscordRPC\discord_rpc.h">
      <Filter>Dependencies\DiscordRPC</Filter>
    </ClInclude>
  </ItemGroup>
</Project>